
Microsoft Visual Studio Solution File, Format Version 12.00
# Visual Studio Version 17
VisualStudioVersion = 17.11.35222.181
MinimumVisualStudioVersion = 10.0.40219.1
Project("{8BC9CEB8-8B4A-11D0-8D11-00A0C91BC942}") = "3개", "3개\3개.vcxproj", "{1DAB6A94-55E8-4109-8D75-F6C9B404D343}"
EndProject
Global
	GlobalSection(SolutionConfigurationPlatforms) = preSolution
		Debug|x64 = Debug|x64
		Debug|x86 = Debug|x86
		Release|x64 = Release|x64
		Release|x86 = Release|x86
	EndGlobalSection
	GlobalSection(ProjectConfigurationPlatforms) = postSolution
		{1DAB6A94-55E8-4109-8D75-F6C9B404D343}.Debug|x64.ActiveCfg = Debug|x64
		{1DAB6A94-55E8-4109-8D75-F6C9B404D343}.Debug|x64.Build.0 = Debug|x64
		{1DAB6A94-55E8-4109-8D75-F6C9B404D343}.Debug|x86.ActiveCfg = Debug|Win32
		{1DAB6A94-55E8-4109-8D75-F6C9B404D343}.Debug|x86.Build.0 = Debug|Win32
		{1DAB6A94-55E8-4109-8D75-F6C9B404D343}.Release|x64.ActiveCfg = Release|x64
		{1DAB6A94-55E8-4109-8D75-F6C9B404D343}.Release|x64.Build.0 = Release|x64
		{1DAB6A94-55E8-4109-8D75-F6C9B404D343}.Release|x86.ActiveCfg = Release|Win32
		{1DAB6A94-55E8-4109-8D75-F6C9B404D343}.Release|x86.Build.0 = Release|Win32
	EndGlobalSection
	GlobalSection(SolutionProperties) = preSolution
		HideSolutionNode = FALSE
	EndGlobalSection
	GlobalSection(ExtensibilityGlobals) = postSolution
		SolutionGuid = {F9A09B13-37A5-451C-9FD9-81E1B219532B}
	EndGlobalSection
EndGlobal
